{
  "pins" : [
    {
      "identity" : "iswiftlib",
      "kind" : "remoteSourceControl",
      "location" : "https://github.com/onggiahuy97/iSwiftLib.git",
      "state" : {
        "branch" : "main",
        "revision" : "d0debff8afc9a26d4f87fac542e5aa820ff1183d"
      }
    }
  ],
  "version" : 2
}
