{
  "pins" : [
    {
      "identity" : "iswiftlib",
      "kind" : "remoteSourceControl",
      "location" : "https://github.com/onggiahuy97/iSwiftLib.git",
      "state" : {
        "branch" : "main",
        "revision" : "ef4ff18e512a69e99a7ea8588cf291e2eaba10b0"
      }
    }
  ],
  "version" : 2
}
